
Microsoft Visual Studio Solution File, Format Version 12.00
# Visual Studio Version 16
VisualStudioVersion = 16.0.30523.141
MinimumVisualStudioVersion = 10.0.40219.1
Project("{FAE04EC0-301F-11D3-BF4B-00C04F79EFBC}") = "HubspotApi", "HubspotApi.csproj", "{2542583D-EF22-4030-89F8-9E244DBAEC7A}"
EndProject
Global
	GlobalSection(SolutionConfigurationPlatforms) = preSolution
		Debug|Any CPU = Debug|Any CPU
		Release|Any CPU = Release|Any CPU
	EndGlobalSection
	GlobalSection(ProjectConfigurationPlatforms) = postSolution
		{2542583D-EF22-4030-89F8-9E244DBAEC7A}.Debug|Any CPU.ActiveCfg = Debug|Any CPU
		{2542583D-EF22-4030-89F8-9E244DBAEC7A}.Debug|Any CPU.Build.0 = Debug|Any CPU
		{2542583D-EF22-4030-89F8-9E244DBAEC7A}.Release|Any CPU.ActiveCfg = Release|Any CPU
		{2542583D-EF22-4030-89F8-9E244DBAEC7A}.Release|Any CPU.Build.0 = Release|Any CPU
	EndGlobalSection
	GlobalSection(SolutionProperties) = preSolution
		HideSolutionNode = FALSE
	EndGlobalSection
	GlobalSection(ExtensibilityGlobals) = postSolution
		SolutionGuid = {B46431C6-E1CF-4ABD-9996-3E79BAEA89C0}
	EndGlobalSection
EndGlobal
